
Microsoft Visual Studio Solution File, Format Version 12.00
# Visual Studio Version 17
VisualStudioVersion = 17.5.33530.505
MinimumVisualStudioVersion = 10.0.40219.1
Project("{FAE04EC0-301F-11D3-BF4B-00C04F79EFBC}") = "WebApplication1", "WebApplication1\WebApplication1.csproj", "{E2FA4F89-1870-4A5F-897A-E4F21A1DEC06}"
EndProject
Global
	GlobalSection(SolutionConfigurationPlatforms) = preSolution
		Debug|Any CPU = Debug|Any CPU
		Release|Any CPU = Release|Any CPU
	EndGlobalSection
	GlobalSection(ProjectConfigurationPlatforms) = postSolution
		{E2FA4F89-1870-4A5F-897A-E4F21A1DEC06}.Debug|Any CPU.ActiveCfg = Debug|Any CPU
		{E2FA4F89-1870-4A5F-897A-E4F21A1DEC06}.Debug|Any CPU.Build.0 = Debug|Any CPU
		{E2FA4F89-1870-4A5F-897A-E4F21A1DEC06}.Release|Any CPU.ActiveCfg = Release|Any CPU
		{E2FA4F89-1870-4A5F-897A-E4F21A1DEC06}.Release|Any CPU.Build.0 = Release|Any CPU
	EndGlobalSection
	GlobalSection(SolutionProperties) = preSolution
		HideSolutionNode = FALSE
	EndGlobalSection
	GlobalSection(ExtensibilityGlobals) = postSolution
		SolutionGuid = {BABC0E80-9577-4238-A08F-20FDF0913EFF}
	EndGlobalSection
EndGlobal
